
Microsoft Visual Studio Solution File, Format Version 12.00
# Visual Studio 2013
VisualStudioVersion = 12.0.21005.1
MinimumVisualStudioVersion = 10.0.40219.1
Project("{FAE04EC0-301F-11D3-BF4B-00C04F79EFBC}") = "Service", "Service\Service.csproj", "{D27CA3D9-33DD-4EFC-9EA1-87CA46E6D343}"
EndProject
Project("{FAE04EC0-301F-11D3-BF4B-00C04F79EFBC}") = "Client", "Client\Client.csproj", "{5EDE9202-F7DB-4D25-A342-90DC360AA49A}"
EndProject
Global
	GlobalSection(SolutionConfigurationPlatforms) = preSolution
		Debug|Any CPU = Debug|Any CPU
		Release|Any CPU = Release|Any CPU
	EndGlobalSection
	GlobalSection(ProjectConfigurationPlatforms) = postSolution
		{D27CA3D9-33DD-4EFC-9EA1-87CA46E6D343}.Debug|Any CPU.ActiveCfg = Debug|Any CPU
		{D27CA3D9-33DD-4EFC-9EA1-87CA46E6D343}.Debug|Any CPU.Build.0 = Debug|Any CPU
		{D27CA3D9-33DD-4EFC-9EA1-87CA46E6D343}.Release|Any CPU.ActiveCfg = Release|Any CPU
		{D27CA3D9-33DD-4EFC-9EA1-87CA46E6D343}.Release|Any CPU.Build.0 = Release|Any CPU
		{5EDE9202-F7DB-4D25-A342-90DC360AA49A}.Debug|Any CPU.ActiveCfg = Debug|Any CPU
		{5EDE9202-F7DB-4D25-A342-90DC360AA49A}.Debug|Any CPU.Build.0 = Debug|Any CPU
		{5EDE9202-F7DB-4D25-A342-90DC360AA49A}.Release|Any CPU.ActiveCfg = Release|Any CPU
		{5EDE9202-F7DB-4D25-A342-90DC360AA49A}.Release|Any CPU.Build.0 = Release|Any CPU
	EndGlobalSection
	GlobalSection(SolutionProperties) = preSolution
		HideSolutionNode = FALSE
	EndGlobalSection
EndGlobal
